
Microsoft Visual Studio Solution File, Format Version 12.00
# Visual Studio Version 16
VisualStudioVersion = 16.0.30309.148
MinimumVisualStudioVersion = 10.0.40219.1
Project("{8BC9CEB8-8B4A-11D0-8D11-00A0C91BC942}") = "Deeper_Blue", "Deeper_Blue.vcxproj", "{90F9D6BE-75CE-4D39-A8EA-02D5CE52AE89}"
EndProject
Global
	GlobalSection(SolutionConfigurationPlatforms) = preSolution
		Debug|x64 = Debug|x64
		Debug|x86 = Debug|x86
		Release|x64 = Release|x64
		Release|x86 = Release|x86
	EndGlobalSection
	GlobalSection(ProjectConfigurationPlatforms) = postSolution
		{90F9D6BE-75CE-4D39-A8EA-02D5CE52AE89}.Debug|x64.ActiveCfg = Debug|x64
		{90F9D6BE-75CE-4D39-A8EA-02D5CE52AE89}.Debug|x64.Build.0 = Debug|x64
		{90F9D6BE-75CE-4D39-A8EA-02D5CE52AE89}.Debug|x86.ActiveCfg = Debug|Win32
		{90F9D6BE-75CE-4D39-A8EA-02D5CE52AE89}.Debug|x86.Build.0 = Debug|Win32
		{90F9D6BE-75CE-4D39-A8EA-02D5CE52AE89}.Release|x64.ActiveCfg = Release|x64
		{90F9D6BE-75CE-4D39-A8EA-02D5CE52AE89}.Release|x64.Build.0 = Release|x64
		{90F9D6BE-75CE-4D39-A8EA-02D5CE52AE89}.Release|x86.ActiveCfg = Release|Win32
		{90F9D6BE-75CE-4D39-A8EA-02D5CE52AE89}.Release|x86.Build.0 = Release|Win32
	EndGlobalSection
	GlobalSection(SolutionProperties) = preSolution
		HideSolutionNode = FALSE
	EndGlobalSection
	GlobalSection(ExtensibilityGlobals) = postSolution
		SolutionGuid = {F138567F-7090-4EAC-9380-F34FF801B367}
	EndGlobalSection
EndGlobal
